// !$*UTF8*$!
{
	archiveVersion = 1;
	classes = {
	};
	objectVersion = 50;
	objects = {

/* Begin PBXBuildFile section */
		3C0F437521EF6CED00304B45 /* AppDelegate.swift in Sources */ = {isa = PBXBuildFile; fileRef = 3C0F437421EF6CED00304B45 /* AppDelegate.swift */; };
		3C0F437721EF6CED00304B45 /* ViewController.swift in Sources */ = {isa = PBXBuildFile; fileRef = 3C0F437621EF6CED00304B45 /* ViewController.swift */; };
		3C0F437A21EF6CED00304B45 /* Main.storyboard in Resources */ = {isa = PBXBuildFile; fileRef = 3C0F437821EF6CED00304B45 /* Main.storyboard */; };
		3C0F437C21EF6CF100304B45 /* Assets.xcassets in Resources */ = {isa = PBXBuildFile; fileRef = 3C0F437B21EF6CF100304B45 /* Assets.xcassets */; };
		3C0F437F21EF6CF100304B45 /* LaunchScreen.storyboard in Resources */ = {isa = PBXBuildFile; fileRef = 3C0F437D21EF6CF100304B45 /* LaunchScreen.storyboard */; };
		3C0F438A21EF6CF100304B45 /* TelegraphSampleTests.swift in Sources */ = {isa = PBXBuildFile; fileRef = 3C0F438921EF6CF100304B45 /* TelegraphSampleTests.swift */; };
/* End PBXBuildFile section */

/* Begin PBXContainerItemProxy section */
		3C0F438621EF6CF100304B45 /* PBXContainerItemProxy */ = {
			isa = PBXContainerItemProxy;
			containerPortal = 3C0F436921EF6CED00304B45 /* Project object */;
			proxyType = 1;
			remoteGlobalIDString = 3C0F437021EF6CED00304B45;
			remoteInfo = TelegraphSample;
		};
/* End PBXContainerItemProxy section */

/* Begin PBXFileReference section */
		3C0F437121EF6CED00304B45 /* TelegraphSample.app */ = {isa = PBXFileReference; explicitFileType = wrapper.application; includeInIndex = 0; path = TelegraphSample.app; sourceTree = BUILT_PRODUCTS_DIR; };
		3C0F437421EF6CED00304B45 /* AppDelegate.swift */ = {isa = PBXFileReference; lastKnownFileType = sourcecode.swift; path = AppDelegate.swift; sourceTree = "<group>"; };
		3C0F437621EF6CED00304B45 /* ViewController.swift */ = {isa = PBXFileReference; lastKnownFileType = sourcecode.swift; path = ViewController.swift; sourceTree = "<group>"; };
		3C0F437921EF6CED00304B45 /* Base */ = {isa = PBXFileReference; lastKnownFileType = file.storyboard; name = Base; path = Base.lproj/Main.storyboard; sourceTree = "<group>"; };
		3C0F437B21EF6CF100304B45 /* Assets.xcassets */ = {isa = PBXFileReference; lastKnownFileType = folder.assetcatalog; path = Assets.xcassets; sourceTree = "<group>"; };
		3C0F437E21EF6CF100304B45 /* Base */ = {isa = PBXFileReference; lastKnownFileType = file.storyboard; name = Base; path = Base.lproj/LaunchScreen.storyboard; sourceTree = "<group>"; };
		3C0F438021EF6CF100304B45 /* Info.plist */ = {isa = PBXFileReference; lastKnownFileType = text.plist.xml; path = Info.plist; sourceTree = "<group>"; };
		3C0F438521EF6CF100304B45 /* TelegraphSampleTests.xctest */ = {isa = PBXFileReference; explicitFileType = wrapper.cfbundle; includeInIndex = 0; path = TelegraphSampleTests.xctest; sourceTree = BUILT_PRODUCTS_DIR; };
		3C0F438921EF6CF100304B45 /* TelegraphSampleTests.swift */ = {isa = PBXFileReference; lastKnownFileType = sourcecode.swift; path = TelegraphSampleTests.swift; sourceTree = "<group>"; };
		3C0F438B21EF6CF100304B45 /* Info.plist */ = {isa = PBXFileReference; lastKnownFileType = text.plist.xml; path = Info.plist; sourceTree = "<group>"; };
/* End PBXFileReference section */

/* Begin PBXFrameworksBuildPhase section */
		3C0F436E21EF6CED00304B45 /* Frameworks */ = {
			isa = PBXFrameworksBuildPhase;
			buildActionMask = 2147483647;
			files = (
			);
			runOnlyForDeploymentPostprocessing = 0;
		};
		3C0F438221EF6CF100304B45 /* Frameworks */ = {
			isa = PBXFrameworksBuildPhase;
			buildActionMask = 2147483647;
			files = (
			);
			runOnlyForDeploymentPostprocessing = 0;
		};
/* End PBXFrameworksBuildPhase section */

/* Begin PBXGroup section */
		3C0F436821EF6CED00304B45 = {
			isa = PBXGroup;
			children = (
				3C0F437321EF6CED00304B45 /* TelegraphSample */,
				3C0F438821EF6CF100304B45 /* TelegraphSampleTests */,
				3C0F437221EF6CED00304B45 /* Products */,
			);
			sourceTree = "<group>";
		};
		3C0F437221EF6CED00304B45 /* Products */ = {
			isa = PBXGroup;
			children = (
				3C0F437121EF6CED00304B45 /* TelegraphSample.app */,
				3C0F438521EF6CF100304B45 /* TelegraphSampleTests.xctest */,
			);
			name = Products;
			sourceTree = "<group>";
		};
		3C0F437321EF6CED00304B45 /* TelegraphSample */ = {
			isa = PBXGroup;
			children = (
				3C0F437421EF6CED00304B45 /* AppDelegate.swift */,
				3C0F437621EF6CED00304B45 /* ViewController.swift */,
				3C0F437821EF6CED00304B45 /* Main.storyboard */,
				3C0F437B21EF6CF100304B45 /* Assets.xcassets */,
				3C0F437D21EF6CF100304B45 /* LaunchScreen.storyboard */,
				3C0F438021EF6CF100304B45 /* Info.plist */,
			);
			path = TelegraphSample;
			sourceTree = "<group>";
		};
		3C0F438821EF6CF100304B45 /* TelegraphSampleTests */ = {
			isa = PBXGroup;
			children = (
				3C0F438921EF6CF100304B45 /* TelegraphSampleTests.swift */,
				3C0F438B21EF6CF100304B45 /* Info.plist */,
			);
			path = TelegraphSampleTests;
			sourceTree = "<group>";
		};
/* End PBXGroup section */

/* Begin PBXNativeTarget section */
		3C0F437021EF6CED00304B45 /* TelegraphSample */ = {
			isa = PBXNativeTarget;
			buildConfigurationList = 3C0F438E21EF6CF100304B45 /* Build configuration list for PBXNativeTarget "TelegraphSample" */;
			buildPhases = (
				3C0F436D21EF6CED00304B45 /* Sources */,
				3C0F436E21EF6CED00304B45 /* Frameworks */,
				3C0F436F21EF6CED00304B45 /* Resources */,
			);
			buildRules = (
			);
			dependencies = (
			);
			name = TelegraphSample;
			productName = TelegraphSample;
			productReference = 3C0F437121EF6CED00304B45 /* TelegraphSample.app */;
			productType = "com.apple.product-type.application";
		};
		3C0F438421EF6CF100304B45 /* TelegraphSampleTests */ = {
			isa = PBXNativeTarget;
			buildConfigurationList = 3C0F439121EF6CF100304B45 /* Build configuration list for PBXNativeTarget "TelegraphSampleTests" */;
			buildPhases = (
				3C0F438121EF6CF100304B45 /* Sources */,
				3C0F438221EF6CF100304B45 /* Frameworks */,
				3C0F438321EF6CF100304B45 /* Resources */,
			);
			buildRules = (
			);
			dependencies = (
				3C0F438721EF6CF100304B45 /* PBXTargetDependency */,
			);
			name = TelegraphSampleTests;
			productName = TelegraphSampleTests;
			productReference = 3C0F438521EF6CF100304B45 /* TelegraphSampleTests.xctest */;
			productType = "com.apple.product-type.bundle.unit-test";
		};
/* End PBXNativeTarget section */

/* Begin PBXProject section */
		3C0F436921EF6CED00304B45 /* Project object */ = {
			isa = PBXProject;
			attributes = {
				LastSwiftUpdateCheck = 1010;
				LastUpgradeCheck = 1010;
				ORGANIZATIONNAME = "Owen Worley";
				TargetAttributes = {
					3C0F437021EF6CED00304B45 = {
						CreatedOnToolsVersion = 10.1;
					};
					3C0F438421EF6CF100304B45 = {
						CreatedOnToolsVersion = 10.1;
						TestTargetID = 3C0F437021EF6CED00304B45;
					};
				};
			};
			buildConfigurationList = 3C0F436C21EF6CED00304B45 /* Build configuration list for PBXProject "TelegraphSample" */;
			compatibilityVersion = "Xcode 9.3";
			developmentRegion = en;
			hasScannedForEncodings = 0;
			knownRegions = (
				en,
				Base,
			);
			mainGroup = 3C0F436821EF6CED00304B45;
			productRefGroup = 3C0F437221EF6CED00304B45 /* Products */;
			projectDirPath = "";
			projectRoot = "";
			targets = (
				3C0F437021EF6CED00304B45 /* TelegraphSample */,
				3C0F438421EF6CF100304B45 /* TelegraphSampleTests */,
			);
		};
/* End PBXProject section */

/* Begin PBXResourcesBuildPhase section */
		3C0F436F21EF6CED00304B45 /* Resources */ = {
			isa = PBXResourcesBuildPhase;
			buildActionMask = 2147483647;
			files = (
				3C0F437F21EF6CF100304B45 /* LaunchScreen.storyboard in Resources */,
				3C0F437C21EF6CF100304B45 /* Assets.xcassets in Resources */,
				3C0F437A21EF6CED00304B45 /* Main.storyboard in Resources */,
			);
			runOnlyForDeploymentPostprocessing = 0;
		};
		3C0F438321EF6CF100304B45 /* Resources */ = {
			isa = PBXResourcesBuildPhase;
			buildActionMask = 2147483647;
			files = (
			);
			runOnlyForDeploymentPostprocessing = 0;
		};
/* End PBXResourcesBuildPhase section */

/* Begin PBXSourcesBuildPhase section */
		3C0F436D21EF6CED00304B45 /* Sources */ = {
			isa = PBXSourcesBuildPhase;
			buildActionMask = 2147483647;
			files = (
				3C0F437721EF6CED00304B45 /* ViewController.swift in Sources */,
				3C0F437521EF6CED00304B45 /* AppDelegate.swift in Sources */,
			);
			runOnlyForDeploymentPostprocessing = 0;
		};
		3C0F438121EF6CF100304B45 /* Sources */ = {
			isa = PBXSourcesBuildPhase;
			buildActionMask = 2147483647;
			files = (
				3C0F438A21EF6CF100304B45 /* TelegraphSampleTests.swift in Sources */,
			);
			runOnlyForDeploymentPostprocessing = 0;
		};
/* End PBXSourcesBuildPhase section */

/* Begin PBXTargetDependency section */
		3C0F438721EF6CF100304B45 /* PBXTargetDependency */ = {
			isa = PBXTargetDependency;
			target = 3C0F437021EF6CED00304B45 /* TelegraphSample */;
			targetProxy = 3C0F438621EF6CF100304B45 /* PBXContainerItemProxy */;
		};
/* End PBXTargetDependency section */

/* Begin PBXVariantGroup section */
		3C0F437821EF6CED00304B45 /* Main.storyboard */ = {
			isa = PBXVariantGroup;
			children = (
				3C0F437921EF6CED00304B45 /* Base */,
			);
			name = Main.storyboard;
			sourceTree = "<group>";
		};
		3C0F437D21EF6CF100304B45 /* LaunchScreen.storyboard */ = {
			isa = PBXVariantGroup;
			children = (
				3C0F437E21EF6CF100304B45 /* Base */,
			);
			name = LaunchScreen.storyboard;
			sourceTree = "<group>";
		};
/* End PBXVariantGroup section */

/* Begin XCBuildConfiguration section */
		3C0F438C21EF6CF100304B45 /* Debug */ = {
			isa = XCBuildConfiguration;
			buildSettings = {
				ALWAYS_SEARCH_USER_PATHS = NO;
				CLANG_ANALYZER_NONNULL = YES;
				CLANG_ANALYZER_NUMBER_OBJECT_CONVERSION = YES_AGGRESSIVE;
				CLANG_CXX_LANGUAGE_STANDARD = "gnu++14";
				CLANG_CXX_LIBRARY = "libc++";
				CLANG_ENABLE_MODULES = YES;
				CLANG_ENABLE_OBJC_ARC = YES;
				CLANG_ENABLE_OBJC_WEAK = YES;
				CLANG_WARN_BLOCK_CAPTURE_AUTORELEASING = YES;
				CLANG_WARN_BOOL_CONVERSION = YES;
				CLANG_WARN_COMMA = YES;
				CLANG_WARN_CONSTANT_CONVERSION = YES;
				CLANG_WARN_DEPRECATED_OBJC_IMPLEMENTATIONS = YES;
				CLANG_WARN_DIRECT_OBJC_ISA_USAGE = YES_ERROR;
				CLANG_WARN_DOCUMENTATION_COMMENTS = YES;
				CLANG_WARN_EMPTY_BODY = YES;
				CLANG_WARN_ENUM_CONVERSION = YES;
				CLANG_WARN_INFINITE_RECURSION = YES;
				CLANG_WARN_INT_CONVERSION = YES;
				CLANG_WARN_NON_LITERAL_NULL_CONVERSION = YES;
				CLANG_WARN_OBJC_IMPLICIT_RETAIN_SELF = YES;
				CLANG_WARN_OBJC_LITERAL_CONVERSION = YES;
				CLANG_WARN_OBJC_ROOT_CLASS = YES_ERROR;
				CLANG_WARN_RANGE_LOOP_ANALYSIS = YES;
				CLANG_WARN_STRICT_PROTOTYPES = YES;
				CLANG_WARN_SUSPICIOUS_MOVE = YES;
				CLANG_WARN_UNGUARDED_AVAILABILITY = YES_AGGRESSIVE;
				CLANG_WARN_UNREACHABLE_CODE = YES;
				CLANG_WARN__DUPLICATE_METHOD_MATCH = YES;
				CODE_SIGN_IDENTITY = "iPhone Developer";
				COPY_PHASE_STRIP = NO;
				DEBUG_INFORMATION_FORMAT = dwarf;
				ENABLE_STRICT_OBJC_MSGSEND = YES;
				ENABLE_TESTABILITY = YES;
				GCC_C_LANGUAGE_STANDARD = gnu11;
				GCC_DYNAMIC_NO_PIC = NO;
				GCC_NO_COMMON_BLOCKS = YES;
				GCC_OPTIMIZATION_LEVEL = 0;
				GCC_PREPROCESSOR_DEFINITIONS = (
					"DEBUG=1",
					"$(inherited)",
				);
				GCC_WARN_64_TO_32_BIT_CONVERSION = YES;
				GCC_WARN_ABOUT_RETURN_TYPE = YES_ERROR;
				GCC_WARN_UNDECLARED_SELECTOR = YES;
				GCC_WARN_UNINITIALIZED_AUTOS = YES_AGGRESSIVE;
				GCC_WARN_UNUSED_FUNCTION = YES;
				GCC_WARN_UNUSED_VARIABLE = YES;
				IPHONEOS_DEPLOYMENT_TARGET = 12.1;
				MTL_ENABLE_DEBUG_INFO = INCLUDE_SOURCE;
				MTL_FAST_MATH = YES;
				ONLY_ACTIVE_ARCH = YES;
				SDKROOT = iphoneos;
				SWIFT_ACTIVE_COMPILATION_CONDITIONS = DEBUG;
				SWIFT_OPTIMIZATION_LEVEL = "-Onone";
			};
			name = Debug;
		};
		3C0F438D21EF6CF100304B45 /* Release */ = {
			isa = XCBuildConfiguration;
			buildSettings = {
				ALWAYS_SEARCH_USER_PATHS = NO;
				CLANG_ANALYZER_NONNULL = YES;
				CLANG_ANALYZER_NUMBER_OBJECT_CONVERSION = YES_AGGRESSIVE;
				CLANG_CXX_LANGUAGE_STANDARD = "gnu++14";
				CLANG_CXX_LIBRARY = "libc++";
				CLANG_ENABLE_MODULES = YES;
				CLANG_ENABLE_OBJC_ARC = YES;
				CLANG_ENABLE_OBJC_WEAK = YES;
				CLANG_WARN_BLOCK_CAPTURE_AUTORELEASING = YES;
				CLANG_WARN_BOOL_CONVERSION = YES;
				CLANG_WARN_COMMA = YES;
				CLANG_WARN_CONSTANT_CONVERSION = YES;
				CLANG_WARN_DEPRECATED_OBJC_IMPLEMENTATIONS = YES;
				CLANG_WARN_DIRECT_OBJC_ISA_USAGE = YES_ERROR;
				CLANG_WARN_DOCUMENTATION_COMMENTS = YES;
				CLANG_WARN_EMPTY_BODY = YES;
				CLANG_WARN_ENUM_CONVERSION = YES;
				CLANG_WARN_INFINITE_RECURSION = YES;
				CLANG_WARN_INT_CONVERSION = YES;
				CLANG_WARN_NON_LITERAL_NULL_CONVERSION = YES;
				CLANG_WARN_OBJC_IMPLICIT_RETAIN_SELF = YES;
				CLANG_WARN_OBJC_LITERAL_CONVERSION = YES;
				CLANG_WARN_OBJC_ROOT_CLASS = YES_ERROR;
				CLANG_WARN_RANGE_LOOP_ANALYSIS = YES;
				CLANG_WARN_STRICT_PROTOTYPES = YES;
				CLANG_WARN_SUSPICIOUS_MOVE = YES;
				CLANG_WARN_UNGUARDED_AVAILABILITY = YES_AGGRESSIVE;
				CLANG_WARN_UNREACHABLE_CODE = YES;
				CLANG_WARN__DUPLICATE_METHOD_MATCH = YES;
				CODE_SIGN_IDENTITY = "iPhone Developer";
				COPY_PHASE_STRIP = NO;
				DEBUG_INFORMATION_FORMAT = "dwarf-with-dsym";
				ENABLE_NS_ASSERTIONS = NO;
				ENABLE_STRICT_OBJC_MSGSEND = YES;
				GCC_C_LANGUAGE_STANDARD = gnu11;
				GCC_NO_COMMON_BLOCKS = YES;
				GCC_WARN_64_TO_32_BIT_CONVERSION = YES;
				GCC_WARN_ABOUT_RETURN_TYPE = YES_ERROR;
				GCC_WARN_UNDECLARED_SELECTOR = YES;
				GCC_WARN_UNINITIALIZED_AUTOS = YES_AGGRESSIVE;
				GCC_WARN_UNUSED_FUNCTION = YES;
				GCC_WARN_UNUSED_VARIABLE = YES;
				IPHONEOS_DEPLOYMENT_TARGET = 12.1;
				MTL_ENABLE_DEBUG_INFO = NO;
				MTL_FAST_MATH = YES;
				SDKROOT = iphoneos;
				SWIFT_COMPILATION_MODE = wholemodule;
				SWIFT_OPTIMIZATION_LEVEL = "-O";
				VALIDATE_PRODUCT = YES;
			};
			name = Release;
		};
		3C0F438F21EF6CF100304B45 /* Debug */ = {
			isa = XCBuildConfiguration;
			buildSettings = {
				ASSETCATALOG_COMPILER_APPICON_NAME = AppIcon;
				CODE_SIGN_STYLE = Automatic;
				DEVELOPMENT_TEAM = 2N7KX3RS34;
				INFOPLIST_FILE = TelegraphSample/Info.plist;
				LD_RUNPATH_SEARCH_PATHS = (
					"$(inherited)",
					"@executable_path/Frameworks",
				);
				PRODUCT_BUNDLE_IDENTIFIER = io.squareheads.TelegraphSample;
				PRODUCT_NAME = "$(TARGET_NAME)";
				SWIFT_VERSION = 4.2;
				TARGETED_DEVICE_FAMILY = "1,2";
			};
			name = Debug;
		};
		3C0F439021EF6CF100304B45 /* Release */ = {
			isa = XCBuildConfiguration;
			buildSettings = {
				ASSETCATALOG_COMPILER_APPICON_NAME = AppIcon;
				CODE_SIGN_STYLE = Automatic;
				DEVELOPMENT_TEAM = 2N7KX3RS34;
				INFOPLIST_FILE = TelegraphSample/Info.plist;
				LD_RUNPATH_SEARCH_PATHS = (
					"$(inherited)",
					"@executable_path/Frameworks",
				);
				PRODUCT_BUNDLE_IDENTIFIER = io.squareheads.TelegraphSample;
				PRODUCT_NAME = "$(TARGET_NAME)";
				SWIFT_VERSION = 4.2;
				TARGETED_DEVICE_FAMILY = "1,2";
			};
			name = Release;
		};
		3C0F439221EF6CF100304B45 /* Debug */ = {
			isa = XCBuildConfiguration;
			buildSettings = {
				ALWAYS_EMBED_SWIFT_STANDARD_LIBRARIES = YES;
				BUNDLE_LOADER = "$(TEST_HOST)";
				CODE_SIGN_STYLE = Automatic;
				DEVELOPMENT_TEAM = 2N7KX3RS34;
				INFOPLIST_FILE = TelegraphSampleTests/Info.plist;
				LD_RUNPATH_SEARCH_PATHS = (
					"$(inherited)",
					"@executable_path/Frameworks",
					"@loader_path/Frameworks",
				);
				PRODUCT_BUNDLE_IDENTIFIER = io.squareheads.TelegraphSampleTests;
				PRODUCT_NAME = "$(TARGET_NAME)";
				SWIFT_VERSION = 4.2;
				TARGETED_DEVICE_FAMILY = "1,2";
				TEST_HOST = "$(BUILT_PRODUCTS_DIR)/TelegraphSample.app/TelegraphSample";
			};
			name = Debug;
		};
		3C0F439321EF6CF100304B45 /* Release */ = {
			isa = XCBuildConfiguration;
			buildSettings = {
				ALWAYS_EMBED_SWIFT_STANDARD_LIBRARIES = YES;
				BUNDLE_LOADER = "$(TEST_HOST)";
				CODE_SIGN_STYLE = Automatic;
				DEVELOPMENT_TEAM = 2N7KX3RS34;
				INFOPLIST_FILE = TelegraphSampleTests/Info.plist;
				LD_RUNPATH_SEARCH_PATHS = (
					"$(inherited)",
					"@executable_path/Frameworks",
					"@loader_path/Frameworks",
				);
				PRODUCT_BUNDLE_IDENTIFIER = io.squareheads.TelegraphSampleTests;
				PRODUCT_NAME = "$(TARGET_NAME)";
				SWIFT_VERSION = 4.2;
				TARGETED_DEVICE_FAMILY = "1,2";
				TEST_HOST = "$(BUILT_PRODUCTS_DIR)/TelegraphSample.app/TelegraphSample";
			};
			name = Release;
		};
/* End XCBuildConfiguration section */

/* Begin XCConfigurationList section */
		3C0F436C21EF6CED00304B45 /* Build configuration list for PBXProject "TelegraphSample" */ = {
			isa = XCConfigurationList;
			buildConfigurations = (
				3C0F438C21EF6CF100304B45 /* Debug */,
				3C0F438D21EF6CF100304B45 /* Release */,
			);
			defaultConfigurationIsVisible = 0;
			defaultConfigurationName = Release;
		};
		3C0F438E21EF6CF100304B45 /* Build configuration list for PBXNativeTarget "TelegraphSample" */ = {
			isa = XCConfigurationList;
			buildConfigurations = (
				3C0F438F21EF6CF100304B45 /* Debug */,
				3C0F439021EF6CF100304B45 /* Release */,
			);
			defaultConfigurationIsVisible = 0;
			defaultConfigurationName = Release;
		};
		3C0F439121EF6CF100304B45 /* Build configuration list for PBXNativeTarget "TelegraphSampleTests" */ = {
			isa = XCConfigurationList;
			buildConfigurations = (
				3C0F439221EF6CF100304B45 /* Debug */,
				3C0F439321EF6CF100304B45 /* Release */,
			);
			defaultConfigurationIsVisible = 0;
			defaultConfigurationName = Release;
		};
/* End XCConfigurationList section */
	};
	rootObject = 3C0F436921EF6CED00304B45 /* Project object */;
}
